# This file is automatically @generated by Cargo.
# It is not intended for manual editing.
version = 4

[[package]]
name = "celui"
version = "0.1.0"
dependencies = [
 "celui_renderer",
]

[[package]]
name = "celui_renderer"
version = "0.1.0"

[[package]]
name = "dev"
version = "0.1.0"
dependencies = [
 "celui",
]
