# This file is automatically @generated by Cargo.
# It is not intended for manual editing.
version = 4

[[package]]
name = "celui"
version = "0.1.0"
dependencies = [
 "celui_collections",
 "celui_math",
 "celui_renderer",
 "celui_sys",
]

[[package]]
name = "celui_backend"
version = "0.1.0"

[[package]]
name = "celui_collections"
version = "0.1.0"
dependencies = [
 "celui_sys",
]

[[package]]
name = "celui_math"
version = "0.1.0"

[[package]]
name = "celui_renderer"
version = "0.1.0"
dependencies = [
 "celui_collections",
 "celui_math",
]

[[package]]
name = "celui_sys"
version = "0.1.0"

[[package]]
name = "dev"
version = "0.1.0"
dependencies = [
 "celui",
]
